
Microsoft Visual Studio Solution File, Format Version 12.00
# Visual Studio Version 17
VisualStudioVersion = 17.14.36915.13 d17.14
MinimumVisualStudioVersion = 10.0.40219.1
Project("{FAE04EC0-301F-11D3-BF4B-00C04F79EFBC}") = "AtelierApp", "AtelierApp\AtelierApp.csproj", "{038032D3-9B59-4692-AE55-C7B396DBC541}"
EndProject
Global
	GlobalSection(SolutionConfigurationPlatforms) = preSolution
		Debug|Any CPU = Debug|Any CPU
		Release|Any CPU = Release|Any CPU
	EndGlobalSection
	GlobalSection(ProjectConfigurationPlatforms) = postSolution
		{038032D3-9B59-4692-AE55-C7B396DBC541}.Debug|Any CPU.ActiveCfg = Debug|Any CPU
		{038032D3-9B59-4692-AE55-C7B396DBC541}.Debug|Any CPU.Build.0 = Debug|Any CPU
		{038032D3-9B59-4692-AE55-C7B396DBC541}.Release|Any CPU.ActiveCfg = Release|Any CPU
		{038032D3-9B59-4692-AE55-C7B396DBC541}.Release|Any CPU.Build.0 = Release|Any CPU
	EndGlobalSection
	GlobalSection(SolutionProperties) = preSolution
		HideSolutionNode = FALSE
	EndGlobalSection
	GlobalSection(ExtensibilityGlobals) = postSolution
		SolutionGuid = {9D68F939-7477-4772-B8B7-C43C146FF405}
	EndGlobalSection
EndGlobal
